
Microsoft Visual Studio Solution File, Format Version 12.00
# Visual Studio Version 16
VisualStudioVersion = 16.0.29519.87
MinimumVisualStudioVersion = 10.0.40219.1
Project("{FAE04EC0-301F-11D3-BF4B-00C04F79EFBC}") = "MVC_BO", "MVC_BO\MVC_BO.csproj", "{CF581F73-6243-4032-9A1A-3D7F7E2F573C}"
EndProject
Project("{FAE04EC0-301F-11D3-BF4B-00C04F79EFBC}") = "BLL", "BLL\BLL.csproj", "{A4EF7617-ED7A-4764-8499-5AF90D8C1E79}"
EndProject
Global
	GlobalSection(SolutionConfigurationPlatforms) = preSolution
		Debug|Any CPU = Debug|Any CPU
		Release|Any CPU = Release|Any CPU
	EndGlobalSection
	GlobalSection(ProjectConfigurationPlatforms) = postSolution
		{CF581F73-6243-4032-9A1A-3D7F7E2F573C}.Debug|Any CPU.ActiveCfg = Debug|Any CPU
		{CF581F73-6243-4032-9A1A-3D7F7E2F573C}.Debug|Any CPU.Build.0 = Debug|Any CPU
		{CF581F73-6243-4032-9A1A-3D7F7E2F573C}.Release|Any CPU.ActiveCfg = Release|Any CPU
		{CF581F73-6243-4032-9A1A-3D7F7E2F573C}.Release|Any CPU.Build.0 = Release|Any CPU
		{A4EF7617-ED7A-4764-8499-5AF90D8C1E79}.Debug|Any CPU.ActiveCfg = Debug|Any CPU
		{A4EF7617-ED7A-4764-8499-5AF90D8C1E79}.Debug|Any CPU.Build.0 = Debug|Any CPU
		{A4EF7617-ED7A-4764-8499-5AF90D8C1E79}.Release|Any CPU.ActiveCfg = Release|Any CPU
		{A4EF7617-ED7A-4764-8499-5AF90D8C1E79}.Release|Any CPU.Build.0 = Release|Any CPU
	EndGlobalSection
	GlobalSection(SolutionProperties) = preSolution
		HideSolutionNode = FALSE
	EndGlobalSection
	GlobalSection(ExtensibilityGlobals) = postSolution
		SolutionGuid = {36EBEB2D-DAC0-44B0-BD84-6EDC81B2E3EA}
	EndGlobalSection
EndGlobal
